GEM
  remote: https://rubygems.org/
  specs:
    Ascii85 (2.0.1)
    afm (1.0.0)
    ast (2.4.3)
    bigdecimal (3.2.2)
    combine_pdf (1.0.31)
      matrix
      ruby-rc4 (>= 0.1.5)
    diff-lcs (1.6.2)
    etc (1.4.6)
    fileutils (1.7.3)
    find (0.2.0)
    hashery (2.1.2)
    json (2.13.2)
    language_server-protocol (3.17.0.5)
    lint_roller (1.1.0)
    matrix (0.4.3)
    net-http (0.6.0)
      uri
    open3 (0.2.1)
    optparse (0.6.0)
    parallel (1.27.0)
    parser (3.3.9.0)
      ast (~> 2.4.1)
      racc
    pastel (0.8.0)
      tty-color (~> 0.5)
    pathname (0.4.0)
    pdf-reader (2.15.0)
      Ascii85 (>= 1.0, < 3.0, != 2.0.0)
      afm (>= 0.2.1, < 2)
      hashery (~> 2.0)
      ruby-rc4
      ttfunk
    prism (1.4.0)
    racc (1.8.1)
    rainbow (3.1.1)
    regexp_parser (2.11.2)
    rexml (3.4.1)
    rspec (3.13.1)
      rspec-core (~> 3.13.0)
      rspec-expectations (~> 3.13.0)
      rspec-mocks (~> 3.13.0)
    rspec-core (3.13.5)
      rspec-support (~> 3.13.0)
    rspec-expectations (3.13.5)
      diff-lcs (>= 1.2.0, < 2.0)
      rspec-support (~> 3.13.0)
    rspec-mocks (3.13.5)
      diff-lcs (>= 1.2.0, < 2.0)
      rspec-support (~> 3.13.0)
    rspec-support (3.13.5)
    rubocop (1.80.0)
      json (~> 2.3)
      language_server-protocol (~> 3.17.0.2)
      lint_roller (~> 1.1.0)
      parallel (~> 1.10)
      parser (>= 3.3.0.2)
      rainbow (>= 2.2.2, < 4.0)
      regexp_parser (>= 2.9.3, < 3.0)
      rubocop-ast (>= 1.46.0, < 2.0)
      ruby-progressbar (~> 1.7)
      unicode-display_width (>= 2.4.0, < 4.0)
    rubocop-ast (1.46.0)
      parser (>= 3.3.7.2)
      prism (~> 1.4)
    rubocop-capybara (2.22.1)
      lint_roller (~> 1.1)
      rubocop (~> 1.72, >= 1.72.1)
    rubocop-factory_bot (2.27.1)
      lint_roller (~> 1.1)
      rubocop (~> 1.72, >= 1.72.1)
    rubocop-rspec (2.31.0)
      rubocop (~> 1.40)
      rubocop-capybara (~> 2.17)
      rubocop-factory_bot (~> 2.22)
      rubocop-rspec_rails (~> 2.28)
    rubocop-rspec_rails (2.29.1)
      rubocop (~> 1.61)
    ruby-progressbar (1.13.0)
    ruby-rc4 (0.1.5)
    sqlite3 (1.7.3-aarch64-linux)
    sqlite3 (1.7.3-arm-linux)
    sqlite3 (1.7.3-arm64-darwin)
    sqlite3 (1.7.3-x86-linux)
    sqlite3 (1.7.3-x86_64-darwin)
    sqlite3 (1.7.3-x86_64-linux)
    strings-ansi (0.2.0)
    tempfile (0.3.1)
    ttfunk (1.8.0)
      bigdecimal (~> 3.1)
    tty-color (0.6.0)
    tty-cursor (0.7.1)
    tty-progressbar (0.18.3)
      strings-ansi (~> 0.2)
      tty-cursor (~> 0.7)
      tty-screen (~> 0.8)
      unicode-display_width (>= 1.6, < 3.0)
    tty-prompt (0.23.1)
      pastel (~> 0.8)
      tty-reader (~> 0.8)
    tty-reader (0.9.0)
      tty-cursor (~> 0.7)
      tty-screen (~> 0.8)
      wisper (~> 2.0)
    tty-screen (0.8.2)
    tty-spinner (0.9.3)
      tty-cursor (~> 0.7)
    tty-which (0.5.0)
    unicode-display_width (2.6.0)
    uri (0.13.2)
    wisper (2.0.1)

PLATFORMS
  aarch64-linux
  arm-linux
  arm64-darwin
  x86-linux
  x86_64-darwin
  x86_64-linux

DEPENDENCIES
  combine_pdf (~> 1.0)
  etc (~> 1.4)
  fileutils (~> 1.7)
  find (~> 0.2)
  json (~> 2.7)
  net-http (~> 0.4)
  open3 (~> 0.2)
  optparse (~> 0.4)
  pastel (~> 0.8)
  pathname (~> 0.3)
  pdf-reader (~> 2.11)
  rexml (~> 3.2)
  rspec (~> 3.12)
  rubocop (~> 1.56)
  rubocop-rspec (~> 2.24)
  sqlite3 (~> 1.6)
  tempfile (~> 0.2)
  tty-progressbar (~> 0.18)
  tty-prompt (~> 0.23)
  tty-spinner (~> 0.9)
  tty-which (~> 0.5)
  uri (~> 0.13)

RUBY VERSION
   ruby 3.2.4p170

BUNDLED WITH
   2.7.1
